// !$*UTF8*$!
{
	archiveVersion = 1;
	classes = {
	};
	objectVersion = 46;
	objects = {

/* Begin PBXBuildFile section */
		DD2732ED1DE14F5F00BA1EBC /* AppDelegate.swift in Sources */ = {isa = PBXBuildFile; fileRef = DD2732EC1DE14F5F00BA1EBC /* AppDelegate.swift */; };
		DD2732EF1DE14F5F00BA1EBC /* TabBarController.swift in Sources */ = {isa = PBXBuildFile; fileRef = DD2732EE1DE14F5F00BA1EBC /* TabBarController.swift */; };
		DD2732F41DE14F5F00BA1EBC /* Assets.xcassets in Resources */ = {isa = PBXBuildFile; fileRef = DD2732F31DE14F5F00BA1EBC /* Assets.xcassets */; };
		DD2732F71DE14F5F00BA1EBC /* LaunchScreen.storyboard in Resources */ = {isa = PBXBuildFile; fileRef = DD2732F51DE14F5F00BA1EBC /* LaunchScreen.storyboard */; };
		DD2732FF1DE1612300BA1EBC /* Sample01ViewController.swift in Sources */ = {isa = PBXBuildFile; fileRef = DD2732FE1DE1612300BA1EBC /* Sample01ViewController.swift */; };
		DD2733011DE1615200BA1EBC /* Sample02ViewController.swift in Sources */ = {isa = PBXBuildFile; fileRef = DD2733001DE1615200BA1EBC /* Sample02ViewController.swift */; };
		DD2733051DE1622300BA1EBC /* Cartfile in Resources */ = {isa = PBXBuildFile; fileRef = DD2733041DE1622300BA1EBC /* Cartfile */; };
		DD2733091DE1657200BA1EBC /* SnapKit.framework in Frameworks */ = {isa = PBXBuildFile; fileRef = DD2733081DE1657200BA1EBC /* SnapKit.framework */; };
/* End PBXBuildFile section */

/* Begin PBXFileReference section */
		DD2732E91DE14F5F00BA1EBC /* EasyToUseSnapKit.app */ = {isa = PBXFileReference; explicitFileType = wrapper.application; includeInIndex = 0; path = EasyToUseSnapKit.app; sourceTree = BUILT_PRODUCTS_DIR; };
		DD2732EC1DE14F5F00BA1EBC /* AppDelegate.swift */ = {isa = PBXFileReference; lastKnownFileType = sourcecode.swift; path = AppDelegate.swift; sourceTree = "<group>"; };
		DD2732EE1DE14F5F00BA1EBC /* TabBarController.swift */ = {isa = PBXFileReference; lastKnownFileType = sourcecode.swift; path = TabBarController.swift; sourceTree = "<group>"; };
		DD2732F31DE14F5F00BA1EBC /* Assets.xcassets */ = {isa = PBXFileReference; lastKnownFileType = folder.assetcatalog; path = Assets.xcassets; sourceTree = "<group>"; };
		DD2732F61DE14F5F00BA1EBC /* Base */ = {isa = PBXFileReference; lastKnownFileType = file.storyboard; name = Base; path = Base.lproj/LaunchScreen.storyboard; sourceTree = "<group>"; };
		DD2732F81DE14F5F00BA1EBC /* Info.plist */ = {isa = PBXFileReference; lastKnownFileType = text.plist.xml; path = Info.plist; sourceTree = "<group>"; };
		DD2732FE1DE1612300BA1EBC /* Sample01ViewController.swift */ = {isa = PBXFileReference; fileEncoding = 4; lastKnownFileType = sourcecode.swift; path = Sample01ViewController.swift; sourceTree = "<group>"; };
		DD2733001DE1615200BA1EBC /* Sample02ViewController.swift */ = {isa = PBXFileReference; fileEncoding = 4; lastKnownFileType = sourcecode.swift; path = Sample02ViewController.swift; sourceTree = "<group>"; };
		DD2733041DE1622300BA1EBC /* Cartfile */ = {isa = PBXFileReference; fileEncoding = 4; lastKnownFileType = text; path = Cartfile; sourceTree = "<group>"; };
		DD2733081DE1657200BA1EBC /* SnapKit.framework */ = {isa = PBXFileReference; lastKnownFileType = wrapper.framework; name = SnapKit.framework; path = Carthage/Build/iOS/SnapKit.framework; sourceTree = "<group>"; };
/* End PBXFileReference section */

/* Begin PBXFrameworksBuildPhase section */
		DD2732E61DE14F5F00BA1EBC /* Frameworks */ = {
			isa = PBXFrameworksBuildPhase;
			buildActionMask = 2147483647;
			files = (
				DD2733091DE1657200BA1EBC /* SnapKit.framework in Frameworks */,
			);
			runOnlyForDeploymentPostprocessing = 0;
		};
/* End PBXFrameworksBuildPhase section */

/* Begin PBXGroup section */
		DD2732E01DE14F5F00BA1EBC = {
			isa = PBXGroup;
			children = (
				DD2732EB1DE14F5F00BA1EBC /* EasyToUseSnapKit */,
				DD2732EA1DE14F5F00BA1EBC /* Products */,
				DD2733071DE1657100BA1EBC /* Frameworks */,
				DD2733041DE1622300BA1EBC /* Cartfile */,
			);
			sourceTree = "<group>";
		};
		DD2732EA1DE14F5F00BA1EBC /* Products */ = {
			isa = PBXGroup;
			children = (
				DD2732E91DE14F5F00BA1EBC /* EasyToUseSnapKit.app */,
			);
			name = Products;
			sourceTree = "<group>";
		};
		DD2732EB1DE14F5F00BA1EBC /* EasyToUseSnapKit */ = {
			isa = PBXGroup;
			children = (
				DD2732EC1DE14F5F00BA1EBC /* AppDelegate.swift */,
				DD2732EE1DE14F5F00BA1EBC /* TabBarController.swift */,
				DD2732FE1DE1612300BA1EBC /* Sample01ViewController.swift */,
				DD2733001DE1615200BA1EBC /* Sample02ViewController.swift */,
				DD2732F31DE14F5F00BA1EBC /* Assets.xcassets */,
				DD2732F51DE14F5F00BA1EBC /* LaunchScreen.storyboard */,
				DD2732F81DE14F5F00BA1EBC /* Info.plist */,
			);
			path = EasyToUseSnapKit;
			sourceTree = "<group>";
		};
		DD2733071DE1657100BA1EBC /* Frameworks */ = {
			isa = PBXGroup;
			children = (
				DD2733081DE1657200BA1EBC /* SnapKit.framework */,
			);
			name = Frameworks;
			sourceTree = "<group>";
		};
/* End PBXGroup section */

/* Begin PBXNativeTarget section */
		DD2732E81DE14F5F00BA1EBC /* EasyToUseSnapKit */ = {
			isa = PBXNativeTarget;
			buildConfigurationList = DD2732FB1DE14F5F00BA1EBC /* Build configuration list for PBXNativeTarget "EasyToUseSnapKit" */;
			buildPhases = (
				DD2732E51DE14F5F00BA1EBC /* Sources */,
				DD2732E61DE14F5F00BA1EBC /* Frameworks */,
				DD2732E71DE14F5F00BA1EBC /* Resources */,
				DD2733061DE164BE00BA1EBC /* Carthage */,
			);
			buildRules = (
			);
			dependencies = (
			);
			name = EasyToUseSnapKit;
			productName = EasyToUseSnapKit;
			productReference = DD2732E91DE14F5F00BA1EBC /* EasyToUseSnapKit.app */;
			productType = "com.apple.product-type.application";
		};
/* End PBXNativeTarget section */

/* Begin PBXProject section */
		DD2732E11DE14F5F00BA1EBC /* Project object */ = {
			isa = PBXProject;
			attributes = {
				LastSwiftUpdateCheck = 0810;
				LastUpgradeCheck = 0810;
				ORGANIZATIONNAME = "Shun Tedokon";
				TargetAttributes = {
					DD2732E81DE14F5F00BA1EBC = {
						CreatedOnToolsVersion = 8.1;
						ProvisioningStyle = Automatic;
					};
				};
			};
			buildConfigurationList = DD2732E41DE14F5F00BA1EBC /* Build configuration list for PBXProject "EasyToUseSnapKit" */;
			compatibilityVersion = "Xcode 3.2";
			developmentRegion = English;
			hasScannedForEncodings = 0;
			knownRegions = (
				en,
				Base,
			);
			mainGroup = DD2732E01DE14F5F00BA1EBC;
			productRefGroup = DD2732EA1DE14F5F00BA1EBC /* Products */;
			projectDirPath = "";
			projectRoot = "";
			targets = (
				DD2732E81DE14F5F00BA1EBC /* EasyToUseSnapKit */,
			);
		};
/* End PBXProject section */

/* Begin PBXResourcesBuildPhase section */
		DD2732E71DE14F5F00BA1EBC /* Resources */ = {
			isa = PBXResourcesBuildPhase;
			buildActionMask = 2147483647;
			files = (
				DD2733051DE1622300BA1EBC /* Cartfile in Resources */,
				DD2732F71DE14F5F00BA1EBC /* LaunchScreen.storyboard in Resources */,
				DD2732F41DE14F5F00BA1EBC /* Assets.xcassets in Resources */,
			);
			runOnlyForDeploymentPostprocessing = 0;
		};
/* End PBXResourcesBuildPhase section */

/* Begin PBXShellScriptBuildPhase section */
		DD2733061DE164BE00BA1EBC /* Carthage */ = {
			isa = PBXShellScriptBuildPhase;
			buildActionMask = 2147483647;
			files = (
			);
			inputPaths = (
				"$(SRCROOT)/Carthage/Build/iOS/SnapKit.framework",
			);
			name = Carthage;
			outputPaths = (
			);
			runOnlyForDeploymentPostprocessing = 0;
			shellPath = /bin/sh;
			shellScript = "/usr/local/bin/carthage copy-frameworks";
		};
/* End PBXShellScriptBuildPhase section */

/* Begin PBXSourcesBuildPhase section */
		DD2732E51DE14F5F00BA1EBC /* Sources */ = {
			isa = PBXSourcesBuildPhase;
			buildActionMask = 2147483647;
			files = (
				DD2732EF1DE14F5F00BA1EBC /* TabBarController.swift in Sources */,
				DD2732ED1DE14F5F00BA1EBC /* AppDelegate.swift in Sources */,
				DD2733011DE1615200BA1EBC /* Sample02ViewController.swift in Sources */,
				DD2732FF1DE1612300BA1EBC /* Sample01ViewController.swift in Sources */,
			);
			runOnlyForDeploymentPostprocessing = 0;
		};
/* End PBXSourcesBuildPhase section */

/* Begin PBXVariantGroup section */
		DD2732F51DE14F5F00BA1EBC /* LaunchScreen.storyboard */ = {
			isa = PBXVariantGroup;
			children = (
				DD2732F61DE14F5F00BA1EBC /* Base */,
			);
			name = LaunchScreen.storyboard;
			sourceTree = "<group>";
		};
/* End PBXVariantGroup section */

/* Begin XCBuildConfiguration section */
		DD2732F91DE14F5F00BA1EBC /* Debug */ = {
			isa = XCBuildConfiguration;
			buildSettings = {
				ALWAYS_SEARCH_USER_PATHS = NO;
				CLANG_ANALYZER_NONNULL = YES;
				CLANG_CXX_LANGUAGE_STANDARD = "gnu++0x";
				CLANG_CXX_LIBRARY = "libc++";
				CLANG_ENABLE_MODULES = YES;
				CLANG_ENABLE_OBJC_ARC = YES;
				CLANG_WARN_BOOL_CONVERSION = YES;
				CLANG_WARN_CONSTANT_CONVERSION = YES;
				CLANG_WARN_DIRECT_OBJC_ISA_USAGE = YES_ERROR;
				CLANG_WARN_DOCUMENTATION_COMMENTS = YES;
				CLANG_WARN_EMPTY_BODY = YES;
				CLANG_WARN_ENUM_CONVERSION = YES;
				CLANG_WARN_INFINITE_RECURSION = YES;
				CLANG_WARN_INT_CONVERSION = YES;
				CLANG_WARN_OBJC_ROOT_CLASS = YES_ERROR;
				CLANG_WARN_SUSPICIOUS_MOVES = YES;
				CLANG_WARN_UNREACHABLE_CODE = YES;
				CLANG_WARN__DUPLICATE_METHOD_MATCH = YES;
				"CODE_SIGN_IDENTITY[sdk=iphoneos*]" = "iPhone Developer";
				COPY_PHASE_STRIP = NO;
				DEBUG_INFORMATION_FORMAT = dwarf;
				ENABLE_STRICT_OBJC_MSGSEND = YES;
				ENABLE_TESTABILITY = YES;
				GCC_C_LANGUAGE_STANDARD = gnu99;
				GCC_DYNAMIC_NO_PIC = NO;
				GCC_NO_COMMON_BLOCKS = YES;
				GCC_OPTIMIZATION_LEVEL = 0;
				GCC_PREPROCESSOR_DEFINITIONS = (
					"DEBUG=1",
					"$(inherited)",
				);
				GCC_WARN_64_TO_32_BIT_CONVERSION = YES;
				GCC_WARN_ABOUT_RETURN_TYPE = YES_ERROR;
				GCC_WARN_UNDECLARED_SELECTOR = YES;
				GCC_WARN_UNINITIALIZED_AUTOS = YES_AGGRESSIVE;
				GCC_WARN_UNUSED_FUNCTION = YES;
				GCC_WARN_UNUSED_VARIABLE = YES;
				IPHONEOS_DEPLOYMENT_TARGET = 10.1;
				MTL_ENABLE_DEBUG_INFO = YES;
				ONLY_ACTIVE_ARCH = YES;
				SDKROOT = iphoneos;
				SWIFT_ACTIVE_COMPILATION_CONDITIONS = DEBUG;
				SWIFT_OPTIMIZATION_LEVEL = "-Onone";
				TARGETED_DEVICE_FAMILY = "1,2";
			};
			name = Debug;
		};
		DD2732FA1DE14F5F00BA1EBC /* Release */ = {
			isa = XCBuildConfiguration;
			buildSettings = {
				ALWAYS_SEARCH_USER_PATHS = NO;
				CLANG_ANALYZER_NONNULL = YES;
				CLANG_CXX_LANGUAGE_STANDARD = "gnu++0x";
				CLANG_CXX_LIBRARY = "libc++";
				CLANG_ENABLE_MODULES = YES;
				CLANG_ENABLE_OBJC_ARC = YES;
				CLANG_WARN_BOOL_CONVERSION = YES;
				CLANG_WARN_CONSTANT_CONVERSION = YES;
				CLANG_WARN_DIRECT_OBJC_ISA_USAGE = YES_ERROR;
				CLANG_WARN_DOCUMENTATION_COMMENTS = YES;
				CLANG_WARN_EMPTY_BODY = YES;
				CLANG_WARN_ENUM_CONVERSION = YES;
				CLANG_WARN_INFINITE_RECURSION = YES;
				CLANG_WARN_INT_CONVERSION = YES;
				CLANG_WARN_OBJC_ROOT_CLASS = YES_ERROR;
				CLANG_WARN_SUSPICIOUS_MOVES = YES;
				CLANG_WARN_UNREACHABLE_CODE = YES;
				CLANG_WARN__DUPLICATE_METHOD_MATCH = YES;
				"CODE_SIGN_IDENTITY[sdk=iphoneos*]" = "iPhone Developer";
				COPY_PHASE_STRIP = NO;
				DEBUG_INFORMATION_FORMAT = "dwarf-with-dsym";
				ENABLE_NS_ASSERTIONS = NO;
				ENABLE_STRICT_OBJC_MSGSEND = YES;
				GCC_C_LANGUAGE_STANDARD = gnu99;
				GCC_NO_COMMON_BLOCKS = YES;
				GCC_WARN_64_TO_32_BIT_CONVERSION = YES;
				GCC_WARN_ABOUT_RETURN_TYPE = YES_ERROR;
				GCC_WARN_UNDECLARED_SELECTOR = YES;
				GCC_WARN_UNINITIALIZED_AUTOS = YES_AGGRESSIVE;
				GCC_WARN_UNUSED_FUNCTION = YES;
				GCC_WARN_UNUSED_VARIABLE = YES;
				IPHONEOS_DEPLOYMENT_TARGET = 10.1;
				MTL_ENABLE_DEBUG_INFO = NO;
				SDKROOT = iphoneos;
				SWIFT_OPTIMIZATION_LEVEL = "-Owholemodule";
				TARGETED_DEVICE_FAMILY = "1,2";
				VALIDATE_PRODUCT = YES;
			};
			name = Release;
		};
		DD2732FC1DE14F5F00BA1EBC /* Debug */ = {
			isa = XCBuildConfiguration;
			buildSettings = {
				ASSETCATALOG_COMPILER_APPICON_NAME = AppIcon;
				FRAMEWORK_SEARCH_PATHS = (
					"$(inherited)",
					"$(PROJECT_DIR)/Carthage/Build/iOS",
				);
				INFOPLIST_FILE = EasyToUseSnapKit/Info.plist;
				LD_RUNPATH_SEARCH_PATHS = "$(inherited) @executable_path/Frameworks";
				PRODUCT_BUNDLE_IDENTIFIER = com.tedokon.ios.EasyToUseSnapKit;
				PRODUCT_NAME = "$(TARGET_NAME)";
				SWIFT_VERSION = 3.0;
			};
			name = Debug;
		};
		DD2732FD1DE14F5F00BA1EBC /* Release */ = {
			isa = XCBuildConfiguration;
			buildSettings = {
				ASSETCATALOG_COMPILER_APPICON_NAME = AppIcon;
				FRAMEWORK_SEARCH_PATHS = (
					"$(inherited)",
					"$(PROJECT_DIR)/Carthage/Build/iOS",
				);
				INFOPLIST_FILE = EasyToUseSnapKit/Info.plist;
				LD_RUNPATH_SEARCH_PATHS = "$(inherited) @executable_path/Frameworks";
				PRODUCT_BUNDLE_IDENTIFIER = com.tedokon.ios.EasyToUseSnapKit;
				PRODUCT_NAME = "$(TARGET_NAME)";
				SWIFT_VERSION = 3.0;
			};
			name = Release;
		};
/* End XCBuildConfiguration section */

/* Begin XCConfigurationList section */
		DD2732E41DE14F5F00BA1EBC /* Build configuration list for PBXProject "EasyToUseSnapKit" */ = {
			isa = XCConfigurationList;
			buildConfigurations = (
				DD2732F91DE14F5F00BA1EBC /* Debug */,
				DD2732FA1DE14F5F00BA1EBC /* Release */,
			);
			defaultConfigurationIsVisible = 0;
			defaultConfigurationName = Release;
		};
		DD2732FB1DE14F5F00BA1EBC /* Build configuration list for PBXNativeTarget "EasyToUseSnapKit" */ = {
			isa = XCConfigurationList;
			buildConfigurations = (
				DD2732FC1DE14F5F00BA1EBC /* Debug */,
				DD2732FD1DE14F5F00BA1EBC /* Release */,
			);
			defaultConfigurationIsVisible = 0;
		};
/* End XCConfigurationList section */
	};
	rootObject = DD2732E11DE14F5F00BA1EBC /* Project object */;
}
